
Microsoft Visual Studio Solution File, Format Version 12.00
# Visual Studio Version 17
VisualStudioVersion = 17.0.31903.59
MinimumVisualStudioVersion = 10.0.40219.1
Project("{FAE04EC0-301F-11D3-BF4B-00C04F79EFBC}") = "BenchMarkLearning", "BenchMarkLearning\BenchMarkLearning.csproj", "{90C293DA-DF6E-4667-B976-07402AF5539A}"
EndProject
Global
	GlobalSection(SolutionConfigurationPlatforms) = preSolution
		Debug|Any CPU = Debug|Any CPU
		Release|Any CPU = Release|Any CPU
	EndGlobalSection
	GlobalSection(ProjectConfigurationPlatforms) = postSolution
		{90C293DA-DF6E-4667-B976-07402AF5539A}.Debug|Any CPU.ActiveCfg = Debug|Any CPU
		{90C293DA-DF6E-4667-B976-07402AF5539A}.Debug|Any CPU.Build.0 = Debug|Any CPU
		{90C293DA-DF6E-4667-B976-07402AF5539A}.Release|Any CPU.ActiveCfg = Release|Any CPU
		{90C293DA-DF6E-4667-B976-07402AF5539A}.Release|Any CPU.Build.0 = Release|Any CPU
	EndGlobalSection
	GlobalSection(SolutionProperties) = preSolution
		HideSolutionNode = FALSE
	EndGlobalSection
	GlobalSection(ExtensibilityGlobals) = postSolution
		SolutionGuid = {0F3D887F-07AC-460A-A2FD-790D5D904142}
	EndGlobalSection
EndGlobal
